
Microsoft Visual Studio Solution File, Format Version 12.00
# Visual Studio 15
VisualStudioVersion = 15.0.28010.2050
MinimumVisualStudioVersion = 10.0.40219.1
Project("{FAE04EC0-301F-11D3-BF4B-00C04F79EFBC}") = "Gigabuy", "Gigabuy\Gigabuy.csproj", "{F9384B0D-CB94-4D42-8BE5-F4ED39FC05C3}"
EndProject
Global
	GlobalSection(SolutionConfigurationPlatforms) = preSolution
		Debug|Any CPU = Debug|Any CPU
		Release|Any CPU = Release|Any CPU
	EndGlobalSection
	GlobalSection(ProjectConfigurationPlatforms) = postSolution
		{F9384B0D-CB94-4D42-8BE5-F4ED39FC05C3}.Debug|Any CPU.ActiveCfg = Debug|Any CPU
		{F9384B0D-CB94-4D42-8BE5-F4ED39FC05C3}.Debug|Any CPU.Build.0 = Debug|Any CPU
		{F9384B0D-CB94-4D42-8BE5-F4ED39FC05C3}.Release|Any CPU.ActiveCfg = Release|Any CPU
		{F9384B0D-CB94-4D42-8BE5-F4ED39FC05C3}.Release|Any CPU.Build.0 = Release|Any CPU
	EndGlobalSection
	GlobalSection(SolutionProperties) = preSolution
		HideSolutionNode = FALSE
	EndGlobalSection
	GlobalSection(ExtensibilityGlobals) = postSolution
		SolutionGuid = {C0776576-4F2C-4553-A9C2-6FF03EB83374}
	EndGlobalSection
EndGlobal
